{
  "name": "image-resizer",
  "version": "1.0.0",
  "lockfileVersion": 2,
  "requires": true,
  "packages": {
    "": {
      "name": "image-resizer",
      "version": "1.0.0",
      "license": "ISC",
      "dependencies": {
        "resize-img": "^2.0.0",
        "toastify-js": "^1.12.0"
      }
    },
    "node_modules/@jimp/bmp": {
      "version": "0.8.5",
      "license": "MIT",
      "dependencies": {
        "@jimp/utils": "^0.8.5",
        "bmp-js": "^0.1.0",
        "core-js": "^2.5.7"
      },
      "peerDependencies": {
        "@jimp/custom": ">=0.3.5"
      }
    },
    "node_modules/@jimp/core": {},
    "node_modules/@jimp/custom": {
      "version": "0.8.5",
      "license": "MIT",
      "dependencies": {
        "@jimp/core": "^0.8.5",
        "core-js": "^2.5.7"
      }
    },
    "node_modules/@jimp/gif": {
      "version": "0.8.5",
      "license": "MIT",
      "dependencies": {
        "@jimp/utils": "^0.8.5",
        "core-js": "^2.5.7",
        "omggif": "^1.0.9"
      },
      "peerDependencies": {
        "@jimp/custom": ">=0.3.5"
      }
    },
    "node_modules/@jimp/jpeg": {
      "version": "0.8.5",
      "license": "MIT",
      "dependencies": {
        "@jimp/utils": "^0.8.5",
        "core-js": "^2.5.7",
        "jpeg-js": "^0.3.4"
      },
      "peerDependencies": {
        "@jimp/custom": ">=0.3.5"
      }
    },
    "node_modules/@jimp/plugin-blit": {
      "version": "0.8.5",
      "license": "MIT",
      "dependencies": {
        "@jimp/utils": "^0.8.5",
        "core-js": "^2.5.7"
      },
      "peerDependencies": {
        "@jimp/custom": ">=0.3.5"
      }
    },
    "node_modules/@jimp/plugin-blur": {
      "version": "0.8.5",
      "license": "MIT",
      "dependencies": {
        "@jimp/utils": "^0.8.5",
        "core-js": "^2.5.7"
      },
      "peerDependencies": {
        "@jimp/custom": ">=0.3.5"
      }
    },
    "node_modules/@jimp/plugin-color": {
      "version": "0.8.5",
      "license": "MIT",
      "dependencies": {
        "@jimp/utils": "^0.8.5",
        "core-js": "^2.5.7",
        "tinycolor2": "^1.4.1"
      },
      "peerDependencies": {
        "@jimp/custom": ">=0.3.5"
      }
    },
    "node_modules/@jimp/plugin-contain": {
      "version": "0.8.5",
      "license": "MIT",
      "dependencies": {
        "@jimp/utils": "^0.8.5",
        "core-js": "^2.5.7"
      },
      "peerDependencies": {
        "@jimp/custom": ">=0.3.5",
        "@jimp/plugin-blit": ">=0.3.5",
        "@jimp/plugin-resize": ">=0.3.5",
        "@jimp/plugin-scale": ">=0.3.5"
      }
    },
    "node_modules/@jimp/plugin-cover": {
      "version": "0.8.5",
      "license": "MIT",
      "dependencies": {
        "@jimp/utils": "^0.8.5",
        "core-js": "^2.5.7"
      },
      "peerDependencies": {
        "@jimp/custom": ">=0.3.5",
        "@jimp/plugin-crop": ">=0.3.5",
        "@jimp/plugin-resize": ">=0.3.5",
        "@jimp/plugin-scale": ">=0.3.5"
      }
    },
    "node_modules/@jimp/plugin-crop": {
      "version": "0.8.5",
      "license": "MIT",
      "dependencies": {
        "@jimp/utils": "^0.8.5",
        "core-js": "^2.5.7"
      },
      "peerDependencies": {
        "@jimp/custom": ">=0.3.5"
      }
    },
    "node_modules/@jimp/plugin-displace": {
      "version": "0.8.5",
      "license": "MIT",
      "dependencies": {
        "@jimp/utils": "^0.8.5",
        "core-js": "^2.5.7"
      },
      "peerDependencies": {
        "@jimp/custom": ">=0.3.5"
      }
    },
    "node_modules/@jimp/plugin-dither": {
      "version": "0.8.5",
      "license": "MIT",
      "dependencies": {
        "@jimp/utils": "^0.8.5",
        "core-js": "^2.5.7"
      },
      "peerDependencies": {
        "@jimp/custom": ">=0.3.5"
      }
    },
    "node_modules/@jimp/plugin-flip": {
      "version": "0.8.5",
      "license": "MIT",
      "dependencies": {
        "@jimp/utils": "^0.8.5",
        "core-js": "^2.5.7"
      },
      "peerDependencies": {
        "@jimp/custom": ">=0.3.5",
        "@jimp/plugin-rotate": ">=0.3.5"
      }
    },
    "node_modules/@jimp/plugin-gaussian": {
      "version": "0.8.5",
      "license": "MIT",
      "dependencies": {
        "@jimp/utils": "^0.8.5",
        "core-js": "^2.5.7"
      },
      "peerDependencies": {
        "@jimp/custom": ">=0.3.5"
      }
    },
    "node_modules/@jimp/plugin-invert": {
      "version": "0.8.5",
      "license": "MIT",
      "dependencies": {
        "@jimp/utils": "^0.8.5",
        "core-js": "^2.5.7"
      },
      "peerDependencies": {
        "@jimp/custom": ">=0.3.5"
      }
    },
    "node_modules/@jimp/plugin-mask": {
      "version": "0.8.5",
      "license": "MIT",
      "dependencies": {
        "@jimp/utils": "^0.8.5",
        "core-js": "^2.5.7"
      },
      "peerDependencies": {
        "@jimp/custom": ">=0.3.5"
      }
    },
    "node_modules/@jimp/plugin-normalize": {
      "version": "0.8.5",
      "license": "MIT",
      "dependencies": {
        "@jimp/utils": "^0.8.5",
        "core-js": "^2.5.7"
      },
      "peerDependencies": {
        "@jimp/custom": ">=0.3.5"
      }
    },
    "node_modules/@jimp/plugin-print": {
      "version": "0.8.5",
      "license": "MIT",
      "dependencies": {
        "@jimp/utils": "^0.8.5",
        "core-js": "^2.5.7",
        "load-bmfont": "^1.4.0"
      },
      "peerDependencies": {
        "@jimp/custom": ">=0.3.5",
        "@jimp/plugin-blit": ">=0.3.5"
      }
    },
    "node_modules/@jimp/plugin-resize": {
      "version": "0.8.5",
      "license": "MIT",
      "dependencies": {
        "@jimp/utils": "^0.8.5",
        "core-js": "^2.5.7"
      },
      "peerDependencies": {
        "@jimp/custom": ">=0.3.5"
      }
    },
    "node_modules/@jimp/plugin-rotate": {
      "version": "0.8.5",
      "license": "MIT",
      "dependencies": {
        "@jimp/utils": "^0.8.5",
        "core-js": "^2.5.7"
      },
      "peerDependencies": {
        "@jimp/custom": ">=0.3.5",
        "@jimp/plugin-blit": ">=0.3.5",
        "@jimp/plugin-crop": ">=0.3.5",
        "@jimp/plugin-resize": ">=0.3.5"
      }
    },
    "node_modules/@jimp/plugin-scale": {
      "version": "0.8.5",
      "license": "MIT",
      "dependencies": {
        "@jimp/utils": "^0.8.5",
        "core-js": "^2.5.7"
      },
      "peerDependencies": {
        "@jimp/custom": ">=0.3.5",
        "@jimp/plugin-resize": ">=0.3.5"
      }
    },
    "node_modules/@jimp/plugins": {
      "version": "0.8.5",
      "license": "MIT",
      "dependencies": {
        "@jimp/plugin-blit": "^0.8.5",
        "@jimp/plugin-blur": "^0.8.5",
        "@jimp/plugin-color": "^0.8.5",
        "@jimp/plugin-contain": "^0.8.5",
        "@jimp/plugin-cover": "^0.8.5",
        "@jimp/plugin-crop": "^0.8.5",
        "@jimp/plugin-displace": "^0.8.5",
        "@jimp/plugin-dither": "^0.8.5",
        "@jimp/plugin-flip": "^0.8.5",
        "@jimp/plugin-gaussian": "^0.8.5",
        "@jimp/plugin-invert": "^0.8.5",
        "@jimp/plugin-mask": "^0.8.5",
        "@jimp/plugin-normalize": "^0.8.5",
        "@jimp/plugin-print": "^0.8.5",
        "@jimp/plugin-resize": "^0.8.5",
        "@jimp/plugin-rotate": "^0.8.5",
        "@jimp/plugin-scale": "^0.8.5",
        "core-js": "^2.5.7",
        "timm": "^1.6.1"
      },
      "peerDependencies": {
        "@jimp/custom": ">=0.3.5"
      }
    },
    "node_modules/@jimp/png": {
      "version": "0.8.5",
      "license": "MIT",
      "dependencies": {
        "@jimp/utils": "^0.8.5",
        "core-js": "^2.5.7",
        "pngjs": "^3.3.3"
      },
      "peerDependencies": {
        "@jimp/custom": ">=0.3.5"
      }
    },
    "node_modules/@jimp/tiff": {
      "version": "0.8.5",
      "license": "MIT",
      "dependencies": {
        "core-js": "^2.5.7",
        "utif": "^2.0.1"
      },
      "peerDependencies": {
        "@jimp/custom": ">=0.3.5"
      }
    },
    "node_modules/@jimp/types": {
      "version": "0.8.5",
      "license": "MIT",
      "dependencies": {
        "@jimp/bmp": "^0.8.5",
        "@jimp/gif": "^0.8.5",
        "@jimp/jpeg": "^0.8.5",
        "@jimp/png": "^0.8.5",
        "@jimp/tiff": "^0.8.5",
        "core-js": "^2.5.7",
        "timm": "^1.6.1"
      },
      "peerDependencies": {
        "@jimp/custom": ">=0.3.5"
      }
    },
    "node_modules/@jimp/utils": {
      "version": "0.8.5",
      "license": "MIT",
      "dependencies": {
        "core-js": "^2.5.7"
      }
    },
    "node_modules/bmp-js": {},
    "node_modules/core-js": {},
    "node_modules/file-type": {
      "version": "12.4.2",
      "resolved": "https://registry.npmjs.org/file-type/-/file-type-12.4.2.tgz",
      "integrity": "sha512-UssQP5ZgIOKelfsaB5CuGAL+Y+q7EmONuiwF3N5HAH0t27rvrttgi6Ra9k/+DVaY9UF6+ybxu5pOXLUdA8N7Vg==",
      "engines": {
        "node": ">=8"
      }
    },
    "node_modules/jimp": {
      "version": "0.8.5",
      "resolved": "https://registry.npmjs.org/jimp/-/jimp-0.8.5.tgz",
      "integrity": "sha512-BW7t/+TCgKpqZw/wHFwqF/A/Tyk43RmzRHyMBdqfOepqunUrajt0RTqowdWyFo4CS2FmD8pFiYfefWjpXFWrCA==",
      "dependencies": {
        "@jimp/custom": "^0.8.5",
        "@jimp/plugins": "^0.8.5",
        "@jimp/types": "^0.8.5",
        "core-js": "^2.5.7",
        "regenerator-runtime": "^0.13.3"
      }
    },
    "node_modules/jimp/node_modules/core-js": {
      "version": "2.6.12",
      "resolved": "https://registry.npmjs.org/core-js/-/core-js-2.6.12.tgz",
      "integrity": "sha512-Kb2wC0fvsWfQrgk8HU5lW6U/Lcs8+9aaYcy4ZFc6DDlo4nZ7n70dEgE5rtR0oG6ufKDUnrwfWL1mXR5ljDatrQ==",
      "deprecated": "core-js@<3.23.3 is no longer maintained and not recommended for usage due to the number of issues. Because of the V8 engine whims, feature detection in old core-js versions could cause a slowdown up to 100x even if nothing is polyfilled. Some versions have web compatibility issues. Please, upgrade your dependencies to the actual version of core-js.",
      "hasInstallScript": true
    },
    "node_modules/jimp/node_modules/regenerator-runtime": {
      "version": "0.13.11",
      "resolved": "https://registry.npmjs.org/regenerator-runtime/-/regenerator-runtime-0.13.11.tgz",
      "integrity": "sha512-kY1AZVr2Ra+t+piVaJ4gxaFaReZVH40AKNo7UCX6W+dEwBo/2oZJzqfuN1qLq1oL45o56cPaTXELwrTh8Fpggg=="
    },
    "node_modules/jpeg-js": {},
    "node_modules/load-bmfont": {},
    "node_modules/omggif": {},
    "node_modules/pngjs": {},
    "node_modules/resize-img": {
      "version": "2.0.0",
      "resolved": "https://registry.npmjs.org/resize-img/-/resize-img-2.0.0.tgz",
      "integrity": "sha512-im2Kn4CY0c7JGdYXwL7g77T8AUi15YQeEBmmpWuglrcPFq4Di53tIvLXlbasW7UKed9GaZCza/OSxOJrmB0jbg==",
      "dependencies": {
        "file-type": "^12.3.0",
        "jimp": "^0.8.3"
      },
      "engines": {
        "node": ">=10"
      }
    },
    "node_modules/timm": {},
    "node_modules/tinycolor2": {},
    "node_modules/toastify-js": {
      "version": "1.12.0",
      "resolved": "https://registry.npmjs.org/toastify-js/-/toastify-js-1.12.0.tgz",
      "integrity": "sha512-HeMHCO9yLPvP9k0apGSdPUWrUbLnxUKNFzgUoZp1PHCLploIX/4DSQ7V8H25ef+h4iO9n0he7ImfcndnN6nDrQ=="
    },
    "node_modules/utif": {}
  },
  "dependencies": {
    "@jimp/bmp": {
      "version": "0.8.5",
      "requires": {
        "@jimp/utils": "^0.8.5",
        "bmp-js": "^0.1.0",
        "core-js": "^2.5.7"
      }
    },
    "@jimp/core": {},
    "@jimp/custom": {
      "version": "0.8.5",
      "requires": {
        "@jimp/core": "^0.8.5",
        "core-js": "^2.5.7"
      }
    },
    "@jimp/gif": {
      "version": "0.8.5",
      "requires": {
        "@jimp/utils": "^0.8.5",
        "core-js": "^2.5.7",
        "omggif": "^1.0.9"
      }
    },
    "@jimp/jpeg": {
      "version": "0.8.5",
      "requires": {
        "@jimp/utils": "^0.8.5",
        "core-js": "^2.5.7",
        "jpeg-js": "^0.3.4"
      }
    },
    "@jimp/plugin-blit": {
      "version": "0.8.5",
      "requires": {
        "@jimp/utils": "^0.8.5",
        "core-js": "^2.5.7"
      }
    },
    "@jimp/plugin-blur": {
      "version": "0.8.5",
      "requires": {
        "@jimp/utils": "^0.8.5",
        "core-js": "^2.5.7"
      }
    },
    "@jimp/plugin-color": {
      "version": "0.8.5",
      "requires": {
        "@jimp/utils": "^0.8.5",
        "core-js": "^2.5.7",
        "tinycolor2": "^1.4.1"
      }
    },
    "@jimp/plugin-contain": {
      "version": "0.8.5",
      "requires": {
        "@jimp/utils": "^0.8.5",
        "core-js": "^2.5.7"
      }
    },
    "@jimp/plugin-cover": {
      "version": "0.8.5",
      "requires": {
        "@jimp/utils": "^0.8.5",
        "core-js": "^2.5.7"
      }
    },
    "@jimp/plugin-crop": {
      "version": "0.8.5",
      "requires": {
        "@jimp/utils": "^0.8.5",
        "core-js": "^2.5.7"
      }
    },
    "@jimp/plugin-displace": {
      "version": "0.8.5",
      "requires": {
        "@jimp/utils": "^0.8.5",
        "core-js": "^2.5.7"
      }
    },
    "@jimp/plugin-dither": {
      "version": "0.8.5",
      "requires": {
        "@jimp/utils": "^0.8.5",
        "core-js": "^2.5.7"
      }
    },
    "@jimp/plugin-flip": {
      "version": "0.8.5",
      "requires": {
        "@jimp/utils": "^0.8.5",
        "core-js": "^2.5.7"
      }
    },
    "@jimp/plugin-gaussian": {
      "version": "0.8.5",
      "requires": {
        "@jimp/utils": "^0.8.5",
        "core-js": "^2.5.7"
      }
    },
    "@jimp/plugin-invert": {
      "version": "0.8.5",
      "requires": {
        "@jimp/utils": "^0.8.5",
        "core-js": "^2.5.7"
      }
    },
    "@jimp/plugin-mask": {
      "version": "0.8.5",
      "requires": {
        "@jimp/utils": "^0.8.5",
        "core-js": "^2.5.7"
      }
    },
    "@jimp/plugin-normalize": {
      "version": "0.8.5",
      "requires": {
        "@jimp/utils": "^0.8.5",
        "core-js": "^2.5.7"
      }
    },
    "@jimp/plugin-print": {
      "version": "0.8.5",
      "requires": {
        "@jimp/utils": "^0.8.5",
        "core-js": "^2.5.7",
        "load-bmfont": "^1.4.0"
      }
    },
    "@jimp/plugin-resize": {
      "version": "0.8.5",
      "requires": {
        "@jimp/utils": "^0.8.5",
        "core-js": "^2.5.7"
      }
    },
    "@jimp/plugin-rotate": {
      "version": "0.8.5",
      "requires": {
        "@jimp/utils": "^0.8.5",
        "core-js": "^2.5.7"
      }
    },
    "@jimp/plugin-scale": {
      "version": "0.8.5",
      "requires": {
        "@jimp/utils": "^0.8.5",
        "core-js": "^2.5.7"
      }
    },
    "@jimp/plugins": {
      "version": "0.8.5",
      "requires": {
        "@jimp/plugin-blit": "^0.8.5",
        "@jimp/plugin-blur": "^0.8.5",
        "@jimp/plugin-color": "^0.8.5",
        "@jimp/plugin-contain": "^0.8.5",
        "@jimp/plugin-cover": "^0.8.5",
        "@jimp/plugin-crop": "^0.8.5",
        "@jimp/plugin-displace": "^0.8.5",
        "@jimp/plugin-dither": "^0.8.5",
        "@jimp/plugin-flip": "^0.8.5",
        "@jimp/plugin-gaussian": "^0.8.5",
        "@jimp/plugin-invert": "^0.8.5",
        "@jimp/plugin-mask": "^0.8.5",
        "@jimp/plugin-normalize": "^0.8.5",
        "@jimp/plugin-print": "^0.8.5",
        "@jimp/plugin-resize": "^0.8.5",
        "@jimp/plugin-rotate": "^0.8.5",
        "@jimp/plugin-scale": "^0.8.5",
        "core-js": "^2.5.7",
        "timm": "^1.6.1"
      }
    },
    "@jimp/png": {
      "version": "0.8.5",
      "requires": {
        "@jimp/utils": "^0.8.5",
        "core-js": "^2.5.7",
        "pngjs": "^3.3.3"
      }
    },
    "@jimp/tiff": {
      "version": "0.8.5",
      "requires": {
        "core-js": "^2.5.7",
        "utif": "^2.0.1"
      }
    },
    "@jimp/types": {
      "version": "0.8.5",
      "requires": {
        "@jimp/bmp": "^0.8.5",
        "@jimp/gif": "^0.8.5",
        "@jimp/jpeg": "^0.8.5",
        "@jimp/png": "^0.8.5",
        "@jimp/tiff": "^0.8.5",
        "core-js": "^2.5.7",
        "timm": "^1.6.1"
      }
    },
    "@jimp/utils": {
      "version": "0.8.5",
      "requires": {
        "core-js": "^2.5.7"
      }
    },
    "bmp-js": {},
    "core-js": {},
    "file-type": {
      "version": "12.4.2",
      "resolved": "https://registry.npmjs.org/file-type/-/file-type-12.4.2.tgz",
      "integrity": "sha512-UssQP5ZgIOKelfsaB5CuGAL+Y+q7EmONuiwF3N5HAH0t27rvrttgi6Ra9k/+DVaY9UF6+ybxu5pOXLUdA8N7Vg=="
    },
    "jimp": {
      "version": "0.8.5",
      "resolved": "https://registry.npmjs.org/jimp/-/jimp-0.8.5.tgz",
      "integrity": "sha512-BW7t/+TCgKpqZw/wHFwqF/A/Tyk43RmzRHyMBdqfOepqunUrajt0RTqowdWyFo4CS2FmD8pFiYfefWjpXFWrCA==",
      "requires": {
        "@jimp/custom": "^0.8.5",
        "@jimp/plugins": "^0.8.5",
        "@jimp/types": "^0.8.5",
        "core-js": "^2.5.7",
        "regenerator-runtime": "^0.13.3"
      },
      "dependencies": {
        "core-js": {
          "version": "2.6.12",
          "resolved": "https://registry.npmjs.org/core-js/-/core-js-2.6.12.tgz",
          "integrity": "sha512-Kb2wC0fvsWfQrgk8HU5lW6U/Lcs8+9aaYcy4ZFc6DDlo4nZ7n70dEgE5rtR0oG6ufKDUnrwfWL1mXR5ljDatrQ=="
        },
        "regenerator-runtime": {
          "version": "0.13.11",
          "resolved": "https://registry.npmjs.org/regenerator-runtime/-/regenerator-runtime-0.13.11.tgz",
          "integrity": "sha512-kY1AZVr2Ra+t+piVaJ4gxaFaReZVH40AKNo7UCX6W+dEwBo/2oZJzqfuN1qLq1oL45o56cPaTXELwrTh8Fpggg=="
        }
      }
    },
    "jpeg-js": {},
    "load-bmfont": {},
    "omggif": {},
    "pngjs": {},
    "resize-img": {
      "version": "2.0.0",
      "resolved": "https://registry.npmjs.org/resize-img/-/resize-img-2.0.0.tgz",
      "integrity": "sha512-im2Kn4CY0c7JGdYXwL7g77T8AUi15YQeEBmmpWuglrcPFq4Di53tIvLXlbasW7UKed9GaZCza/OSxOJrmB0jbg==",
      "requires": {
        "file-type": "^12.3.0",
        "jimp": "^0.8.3"
      }
    },
    "timm": {},
    "tinycolor2": {},
    "toastify-js": {
      "version": "1.12.0",
      "resolved": "https://registry.npmjs.org/toastify-js/-/toastify-js-1.12.0.tgz",
      "integrity": "sha512-HeMHCO9yLPvP9k0apGSdPUWrUbLnxUKNFzgUoZp1PHCLploIX/4DSQ7V8H25ef+h4iO9n0he7ImfcndnN6nDrQ=="
    },
    "utif": {}
  }
}
